Microsoft Visual Studio Solution File, Format Version 12.00
Project("{F2A71F9B-5D33-465A-A702-920D77279786}") = "top", "top.fsproj", "{6C22550C-624D-4A97-B9CD-B8E1A4A3E6F2}"
EndProject
Project("{F2A71F9B-5D33-465A-A702-920D77279786}") = "leaf_0", "leaf_0.fsproj", "{9A260E5D-C7F1-432D-80FF-CC57DE229496}"
EndProject
Project("{F2A71F9B-5D33-465A-A702-920D77279786}") = "leaf_1", "leaf_1.fsproj", "{6D5633B9-0A03-46B5-BC55-B92AF836EC29}"
EndProject
Project("{F2A71F9B-5D33-465A-A702-920D77279786}") = "leaf_10", "leaf_10.fsproj", "{B7586AA0-3498-45E0-AD7E-1F748F8991C7}"
EndProject
Project("{F2A71F9B-5D33-465A-A702-920D77279786}") = "leaf_11", "leaf_11.fsproj", "{D5A3598A-F2A0-4CDC-8096-20755C6F4E89}"
EndProject
Project("{F2A71F9B-5D33-465A-A702-920D77279786}") = "leaf_12", "leaf_12.fsproj", "{9443B0AA-9504-4B16-949E-4CFC7F63C0F8}"
EndProject
Project("{F2A71F9B-5D33-465A-A702-920D77279786}") = "leaf_13", "leaf_13.fsproj", "{BCCF7A68-C5F8-4B18-9F93-3C159C30AD53}"
EndProject
Project("{F2A71F9B-5D33-465A-A702-920D77279786}") = "leaf_14", "leaf_14.fsproj", "{06D140C8-034D-4AE4-B0E1-2368EFB73E5A}"
EndProject
Project("{F2A71F9B-5D33-465A-A702-920D77279786}") = "leaf_15", "leaf_15.fsproj", "{5DAAEE16-0714-4E95-8FBE-F027F34F1BEF}"
EndProject
Project("{F2A71F9B-5D33-465A-A702-920D77279786}") = "leaf_16", "leaf_16.fsproj", "{9A1D35E5-8995-4D96-89FB-F80D66B46A74}"
EndProject
Project("{F2A71F9B-5D33-465A-A702-920D77279786}") = "leaf_17", "leaf_17.fsproj", "{F4A15BAD-9F92-41CC-929D-EE1DDAD50196}"
EndProject
Project("{F2A71F9B-5D33-465A-A702-920D77279786}") = "leaf_18", "leaf_18.fsproj", "{076C7F2B-088F-482B-9821-1CB24D15922F}"
EndProject
Project("{F2A71F9B-5D33-465A-A702-920D77279786}") = "leaf_19", "leaf_19.fsproj", "{8864C12F-1FFB-4D23-819F-75B281FCC874}"
EndProject
Project("{F2A71F9B-5D33-465A-A702-920D77279786}") = "leaf_2", "leaf_2.fsproj", "{C528C657-BEC1-4A2B-8893-182E77C76F0A}"
EndProject
Project("{F2A71F9B-5D33-465A-A702-920D77279786}") = "leaf_20", "leaf_20.fsproj", "{075F8A46-74B3-425C-81B5-FF1656149654}"
EndProject
Project("{F2A71F9B-5D33-465A-A702-920D77279786}") = "leaf_21", "leaf_21.fsproj", "{3CA6D982-8E5C-42E1-ABDB-135EB42680DF}"
EndProject
Project("{F2A71F9B-5D33-465A-A702-920D77279786}") = "leaf_22", "leaf_22.fsproj", "{DC77F303-C0BD-4A0D-A5BA-688977E08562}"
EndProject
Project("{F2A71F9B-5D33-465A-A702-920D77279786}") = "leaf_23", "leaf_23.fsproj", "{1D9FDA8E-BA01-49C8-B5C5-091A1B9DF082}"
EndProject
Project("{F2A71F9B-5D33-465A-A702-920D77279786}") = "leaf_24", "leaf_24.fsproj", "{AEEBB4C5-FAC1-4B8F-9925-800E14BC7B2E}"
EndProject
Project("{F2A71F9B-5D33-465A-A702-920D77279786}") = "leaf_25", "leaf_25.fsproj", "{1BC88508-1E57-4109-8F1B-34D39345A757}"
EndProject
Project("{F2A71F9B-5D33-465A-A702-920D77279786}") = "leaf_26", "leaf_26.fsproj", "{358D4C82-3EC7-4C4B-98C1-9DC3069C0668}"
EndProject
Project("{F2A71F9B-5D33-465A-A702-920D77279786}") = "leaf_27", "leaf_27.fsproj", "{8C65F9DF-9B89-42AE-B837-9782289D7967}"
EndProject
Project("{F2A71F9B-5D33-465A-A702-920D77279786}") = "leaf_28", "leaf_28.fsproj", "{31DAF8C6-0BC5-493D-94BD-25B2F1DBC785}"
EndProject
Project("{F2A71F9B-5D33-465A-A702-920D77279786}") = "leaf_29", "leaf_29.fsproj", "{011F0A1D-2E5C-460A-999C-B1944E5B647F}"
EndProject
Project("{F2A71F9B-5D33-465A-A702-920D77279786}") = "leaf_3", "leaf_3.fsproj", "{8CC36391-8000-4E59-837D-8AF68AFCC10E}"
EndProject
Project("{F2A71F9B-5D33-465A-A702-920D77279786}") = "leaf_30", "leaf_30.fsproj", "{80C5CFEC-BFE4-47DA-81E0-CC9E4A37D2B7}"
EndProject
Project("{F2A71F9B-5D33-465A-A702-920D77279786}") = "leaf_31", "leaf_31.fsproj", "{F74F3F73-F5D7-4DA5-B0EE-F2CEBB4A91E4}"
EndProject
Project("{F2A71F9B-5D33-465A-A702-920D77279786}") = "leaf_32", "leaf_32.fsproj", "{5E03C79F-12BA-43F4-AAF2-9ED8943FA81F}"
EndProject
Project("{F2A71F9B-5D33-465A-A702-920D77279786}") = "leaf_33", "leaf_33.fsproj", "{F96B92CE-031D-4220-A79A-53F5349FCB55}"
EndProject
Project("{F2A71F9B-5D33-465A-A702-920D77279786}") = "leaf_34", "leaf_34.fsproj", "{4A883FF9-B2F8-4ACA-A789-1EE83802A7C4}"
EndProject
Project("{F2A71F9B-5D33-465A-A702-920D77279786}") = "leaf_35", "leaf_35.fsproj", "{385F765B-8590-4E83-A4A9-3D7B650DD22E}"
EndProject
Project("{F2A71F9B-5D33-465A-A702-920D77279786}") = "leaf_36", "leaf_36.fsproj", "{A98BC801-C1F5-4DF0-AF4F-40BB759DCEDE}"
EndProject
Project("{F2A71F9B-5D33-465A-A702-920D77279786}") = "leaf_37", "leaf_37.fsproj", "{D2D22769-EE25-465B-90D9-FABD98EEE8DC}"
EndProject
Project("{F2A71F9B-5D33-465A-A702-920D77279786}") = "leaf_38", "leaf_38.fsproj", "{F83ACB3A-0F66-493B-A2FA-54F302831C2B}"
EndProject
Project("{F2A71F9B-5D33-465A-A702-920D77279786}") = "leaf_39", "leaf_39.fsproj", "{0BA9F758-4EFF-4B99-BD68-A61D14B31894}"
EndProject
Project("{F2A71F9B-5D33-465A-A702-920D77279786}") = "leaf_4", "leaf_4.fsproj", "{8B4D935D-0EA4-40AE-BBB6-13E888152650}"
EndProject
Project("{F2A71F9B-5D33-465A-A702-920D77279786}") = "leaf_40", "leaf_40.fsproj", "{D4D8A8D2-6452-44CE-BAE3-CBC5A28BC9A8}"
EndProject
Project("{F2A71F9B-5D33-465A-A702-920D77279786}") = "leaf_41", "leaf_41.fsproj", "{4C4C76F4-1CC0-4F77-8FD3-4E7A48896FB8}"
EndProject
Project("{F2A71F9B-5D33-465A-A702-920D77279786}") = "leaf_42", "leaf_42.fsproj", "{7570CD74-9F36-4897-8BA3-59F41F5A1C26}"
EndProject
Project("{F2A71F9B-5D33-465A-A702-920D77279786}") = "leaf_43", "leaf_43.fsproj", "{5A111478-1B31-47B4-ADD8-860E9B912216}"
EndProject
Project("{F2A71F9B-5D33-465A-A702-920D77279786}") = "leaf_44", "leaf_44.fsproj", "{69E218F6-F07B-4C32-826F-47291DB58D91}"
EndProject
Project("{F2A71F9B-5D33-465A-A702-920D77279786}") = "leaf_45", "leaf_45.fsproj", "{46A188AE-44BD-4F30-804F-A00C47FA2C30}"
EndProject
Project("{F2A71F9B-5D33-465A-A702-920D77279786}") = "leaf_46", "leaf_46.fsproj", "{170BDAD5-3104-4D73-AB2C-4E8CCDCCADFE}"
EndProject
Project("{F2A71F9B-5D33-465A-A702-920D77279786}") = "leaf_47", "leaf_47.fsproj", "{D644134B-046C-4FDF-B53D-30DD9BA754AA}"
EndProject
Project("{F2A71F9B-5D33-465A-A702-920D77279786}") = "leaf_48", "leaf_48.fsproj", "{0363CF9C-66E3-4EFA-9C63-52EF98989F04}"
EndProject
Project("{F2A71F9B-5D33-465A-A702-920D77279786}") = "leaf_49", "leaf_49.fsproj", "{9C212DFA-C34D-4B79-BBCD-8252698F3D66}"
EndProject
Project("{F2A71F9B-5D33-465A-A702-920D77279786}") = "leaf_5", "leaf_5.fsproj", "{7037426E-F1C4-4A4D-941B-144C82DA1F8F}"
EndProject
Project("{F2A71F9B-5D33-465A-A702-920D77279786}") = "leaf_6", "leaf_6.fsproj", "{621CC26B-02DF-4ABC-9B64-EBF77DFAB429}"
EndProject
Project("{F2A71F9B-5D33-465A-A702-920D77279786}") = "leaf_7", "leaf_7.fsproj", "{F8F8926B-8B29-4FCF-99C0-E5832EF58143}"
EndProject
Project("{F2A71F9B-5D33-465A-A702-920D77279786}") = "leaf_8", "leaf_8.fsproj", "{DCE07E1F-64B2-49E0-B576-50D814FD1049}"
EndProject
Project("{F2A71F9B-5D33-465A-A702-920D77279786}") = "leaf_9", "leaf_9.fsproj", "{688A8548-72A8-457D-9B61-79C5DD5B5918}"
EndProject
Global
	GlobalSection(SolutionConfigurationPlatforms) = preSolution
		Debug|Any CPU = Debug|Any CPU
		Release|Any CPU = Release|Any CPU
	EndGlobalSection
	GlobalSection(ProjectConfigurationPlatforms) = postSolution
		{6C22550C-624D-4A97-B9CD-B8E1A4A3E6F2}.Debug|Any CPU.ActiveCfg = Debug|Any CPU
		{6C22550C-624D-4A97-B9CD-B8E1A4A3E6F2}.Debug|Any CPU.Build.0 = Debug|Any CPU
		{6C22550C-624D-4A97-B9CD-B8E1A4A3E6F2}.Release|Any CPU.ActiveCfg = Release|Any CPU
		{6C22550C-624D-4A97-B9CD-B8E1A4A3E6F2}.Release|Any CPU.Build.0 = Release|Any CPU
		{9A260E5D-C7F1-432D-80FF-CC57DE229496}.Debug|Any CPU.ActiveCfg = Debug|Any CPU
		{9A260E5D-C7F1-432D-80FF-CC57DE229496}.Debug|Any CPU.Build.0 = Debug|Any CPU
		{9A260E5D-C7F1-432D-80FF-CC57DE229496}.Release|Any CPU.ActiveCfg = Release|Any CPU
		{9A260E5D-C7F1-432D-80FF-CC57DE229496}.Release|Any CPU.Build.0 = Release|Any CPU
		{6D5633B9-0A03-46B5-BC55-B92AF836EC29}.Debug|Any CPU.ActiveCfg = Debug|Any CPU
		{6D5633B9-0A03-46B5-BC55-B92AF836EC29}.Debug|Any CPU.Build.0 = Debug|Any CPU
		{6D5633B9-0A03-46B5-BC55-B92AF836EC29}.Release|Any CPU.ActiveCfg = Release|Any CPU
		{6D5633B9-0A03-46B5-BC55-B92AF836EC29}.Release|Any CPU.Build.0 = Release|Any CPU
		{B7586AA0-3498-45E0-AD7E-1F748F8991C7}.Debug|Any CPU.ActiveCfg = Debug|Any CPU
		{B7586AA0-3498-45E0-AD7E-1F748F8991C7}.Debug|Any CPU.Build.0 = Debug|Any CPU
		{B7586AA0-3498-45E0-AD7E-1F748F8991C7}.Release|Any CPU.ActiveCfg = Release|Any CPU
		{B7586AA0-3498-45E0-AD7E-1F748F8991C7}.Release|Any CPU.Build.0 = Release|Any CPU
		{D5A3598A-F2A0-4CDC-8096-20755C6F4E89}.Debug|Any CPU.ActiveCfg = Debug|Any CPU
		{D5A3598A-F2A0-4CDC-8096-20755C6F4E89}.Debug|Any CPU.Build.0 = Debug|Any CPU
		{D5A3598A-F2A0-4CDC-8096-20755C6F4E89}.Release|Any CPU.ActiveCfg = Release|Any CPU
		{D5A3598A-F2A0-4CDC-8096-20755C6F4E89}.Release|Any CPU.Build.0 = Release|Any CPU
		{9443B0AA-9504-4B16-949E-4CFC7F63C0F8}.Debug|Any CPU.ActiveCfg = Debug|Any CPU
		{9443B0AA-9504-4B16-949E-4CFC7F63C0F8}.Debug|Any CPU.Build.0 = Debug|Any CPU
		{9443B0AA-9504-4B16-949E-4CFC7F63C0F8}.Release|Any CPU.ActiveCfg = Release|Any CPU
		{9443B0AA-9504-4B16-949E-4CFC7F63C0F8}.Release|Any CPU.Build.0 = Release|Any CPU
		{BCCF7A68-C5F8-4B18-9F93-3C159C30AD53}.Debug|Any CPU.ActiveCfg = Debug|Any CPU
		{BCCF7A68-C5F8-4B18-9F93-3C159C30AD53}.Debug|Any CPU.Build.0 = Debug|Any CPU
		{BCCF7A68-C5F8-4B18-9F93-3C159C30AD53}.Release|Any CPU.ActiveCfg = Release|Any CPU
		{BCCF7A68-C5F8-4B18-9F93-3C159C30AD53}.Release|Any CPU.Build.0 = Release|Any CPU
		{06D140C8-034D-4AE4-B0E1-2368EFB73E5A}.Debug|Any CPU.ActiveCfg = Debug|Any CPU
		{06D140C8-034D-4AE4-B0E1-2368EFB73E5A}.Debug|Any CPU.Build.0 = Debug|Any CPU
		{06D140C8-034D-4AE4-B0E1-2368EFB73E5A}.Release|Any CPU.ActiveCfg = Release|Any CPU
		{06D140C8-034D-4AE4-B0E1-2368EFB73E5A}.Release|Any CPU.Build.0 = Release|Any CPU
		{5DAAEE16-0714-4E95-8FBE-F027F34F1BEF}.Debug|Any CPU.ActiveCfg = Debug|Any CPU
		{5DAAEE16-0714-4E95-8FBE-F027F34F1BEF}.Debug|Any CPU.Build.0 = Debug|Any CPU
		{5DAAEE16-0714-4E95-8FBE-F027F34F1BEF}.Release|Any CPU.ActiveCfg = Release|Any CPU
		{5DAAEE16-0714-4E95-8FBE-F027F34F1BEF}.Release|Any CPU.Build.0 = Release|Any CPU
		{9A1D35E5-8995-4D96-89FB-F80D66B46A74}.Debug|Any CPU.ActiveCfg = Debug|Any CPU
		{9A1D35E5-8995-4D96-89FB-F80D66B46A74}.Debug|Any CPU.Build.0 = Debug|Any CPU
		{9A1D35E5-8995-4D96-89FB-F80D66B46A74}.Release|Any CPU.ActiveCfg = Release|Any CPU
		{9A1D35E5-8995-4D96-89FB-F80D66B46A74}.Release|Any CPU.Build.0 = Release|Any CPU
		{F4A15BAD-9F92-41CC-929D-EE1DDAD50196}.Debug|Any CPU.ActiveCfg = Debug|Any CPU
		{F4A15BAD-9F92-41CC-929D-EE1DDAD50196}.Debug|Any CPU.Build.0 = Debug|Any CPU
		{F4A15BAD-9F92-41CC-929D-EE1DDAD50196}.Release|Any CPU.ActiveCfg = Release|Any CPU
		{F4A15BAD-9F92-41CC-929D-EE1DDAD50196}.Release|Any CPU.Build.0 = Release|Any CPU
		{076C7F2B-088F-482B-9821-1CB24D15922F}.Debug|Any CPU.ActiveCfg = Debug|Any CPU
		{076C7F2B-088F-482B-9821-1CB24D15922F}.Debug|Any CPU.Build.0 = Debug|Any CPU
		{076C7F2B-088F-482B-9821-1CB24D15922F}.Release|Any CPU.ActiveCfg = Release|Any CPU
		{076C7F2B-088F-482B-9821-1CB24D15922F}.Release|Any CPU.Build.0 = Release|Any CPU
		{8864C12F-1FFB-4D23-819F-75B281FCC874}.Debug|Any CPU.ActiveCfg = Debug|Any CPU
		{8864C12F-1FFB-4D23-819F-75B281FCC874}.Debug|Any CPU.Build.0 = Debug|Any CPU
		{8864C12F-1FFB-4D23-819F-75B281FCC874}.Release|Any CPU.ActiveCfg = Release|Any CPU
		{8864C12F-1FFB-4D23-819F-75B281FCC874}.Release|Any CPU.Build.0 = Release|Any CPU
		{C528C657-BEC1-4A2B-8893-182E77C76F0A}.Debug|Any CPU.ActiveCfg = Debug|Any CPU
		{C528C657-BEC1-4A2B-8893-182E77C76F0A}.Debug|Any CPU.Build.0 = Debug|Any CPU
		{C528C657-BEC1-4A2B-8893-182E77C76F0A}.Release|Any CPU.ActiveCfg = Release|Any CPU
		{C528C657-BEC1-4A2B-8893-182E77C76F0A}.Release|Any CPU.Build.0 = Release|Any CPU
		{075F8A46-74B3-425C-81B5-FF1656149654}.Debug|Any CPU.ActiveCfg = Debug|Any CPU
		{075F8A46-74B3-425C-81B5-FF1656149654}.Debug|Any CPU.Build.0 = Debug|Any CPU
		{075F8A46-74B3-425C-81B5-FF1656149654}.Release|Any CPU.ActiveCfg = Release|Any CPU
		{075F8A46-74B3-425C-81B5-FF1656149654}.Release|Any CPU.Build.0 = Release|Any CPU
		{3CA6D982-8E5C-42E1-ABDB-135EB42680DF}.Debug|Any CPU.ActiveCfg = Debug|Any CPU
		{3CA6D982-8E5C-42E1-ABDB-135EB42680DF}.Debug|Any CPU.Build.0 = Debug|Any CPU
		{3CA6D982-8E5C-42E1-ABDB-135EB42680DF}.Release|Any CPU.ActiveCfg = Release|Any CPU
		{3CA6D982-8E5C-42E1-ABDB-135EB42680DF}.Release|Any CPU.Build.0 = Release|Any CPU
		{DC77F303-C0BD-4A0D-A5BA-688977E08562}.Debug|Any CPU.ActiveCfg = Debug|Any CPU
		{DC77F303-C0BD-4A0D-A5BA-688977E08562}.Debug|Any CPU.Build.0 = Debug|Any CPU
		{DC77F303-C0BD-4A0D-A5BA-688977E08562}.Release|Any CPU.ActiveCfg = Release|Any CPU
		{DC77F303-C0BD-4A0D-A5BA-688977E08562}.Release|Any CPU.Build.0 = Release|Any CPU
		{1D9FDA8E-BA01-49C8-B5C5-091A1B9DF082}.Debug|Any CPU.ActiveCfg = Debug|Any CPU
		{1D9FDA8E-BA01-49C8-B5C5-091A1B9DF082}.Debug|Any CPU.Build.0 = Debug|Any CPU
		{1D9FDA8E-BA01-49C8-B5C5-091A1B9DF082}.Release|Any CPU.ActiveCfg = Release|Any CPU
		{1D9FDA8E-BA01-49C8-B5C5-091A1B9DF082}.Release|Any CPU.Build.0 = Release|Any CPU
		{AEEBB4C5-FAC1-4B8F-9925-800E14BC7B2E}.Debug|Any CPU.ActiveCfg = Debug|Any CPU
		{AEEBB4C5-FAC1-4B8F-9925-800E14BC7B2E}.Debug|Any CPU.Build.0 = Debug|Any CPU
		{AEEBB4C5-FAC1-4B8F-9925-800E14BC7B2E}.Release|Any CPU.ActiveCfg = Release|Any CPU
		{AEEBB4C5-FAC1-4B8F-9925-800E14BC7B2E}.Release|Any CPU.Build.0 = Release|Any CPU
		{1BC88508-1E57-4109-8F1B-34D39345A757}.Debug|Any CPU.ActiveCfg = Debug|Any CPU
		{1BC88508-1E57-4109-8F1B-34D39345A757}.Debug|Any CPU.Build.0 = Debug|Any CPU
		{1BC88508-1E57-4109-8F1B-34D39345A757}.Release|Any CPU.ActiveCfg = Release|Any CPU
		{1BC88508-1E57-4109-8F1B-34D39345A757}.Release|Any CPU.Build.0 = Release|Any CPU
		{358D4C82-3EC7-4C4B-98C1-9DC3069C0668}.Debug|Any CPU.ActiveCfg = Debug|Any CPU
		{358D4C82-3EC7-4C4B-98C1-9DC3069C0668}.Debug|Any CPU.Build.0 = Debug|Any CPU
		{358D4C82-3EC7-4C4B-98C1-9DC3069C0668}.Release|Any CPU.ActiveCfg = Release|Any CPU
		{358D4C82-3EC7-4C4B-98C1-9DC3069C0668}.Release|Any CPU.Build.0 = Release|Any CPU
		{8C65F9DF-9B89-42AE-B837-9782289D7967}.Debug|Any CPU.ActiveCfg = Debug|Any CPU
		{8C65F9DF-9B89-42AE-B837-9782289D7967}.Debug|Any CPU.Build.0 = Debug|Any CPU
		{8C65F9DF-9B89-42AE-B837-9782289D7967}.Release|Any CPU.ActiveCfg = Release|Any CPU
		{8C65F9DF-9B89-42AE-B837-9782289D7967}.Release|Any CPU.Build.0 = Release|Any CPU
		{31DAF8C6-0BC5-493D-94BD-25B2F1DBC785}.Debug|Any CPU.ActiveCfg = Debug|Any CPU
		{31DAF8C6-0BC5-493D-94BD-25B2F1DBC785}.Debug|Any CPU.Build.0 = Debug|Any CPU
		{31DAF8C6-0BC5-493D-94BD-25B2F1DBC785}.Release|Any CPU.ActiveCfg = Release|Any CPU
		{31DAF8C6-0BC5-493D-94BD-25B2F1DBC785}.Release|Any CPU.Build.0 = Release|Any CPU
		{011F0A1D-2E5C-460A-999C-B1944E5B647F}.Debug|Any CPU.ActiveCfg = Debug|Any CPU
		{011F0A1D-2E5C-460A-999C-B1944E5B647F}.Debug|Any CPU.Build.0 = Debug|Any CPU
		{011F0A1D-2E5C-460A-999C-B1944E5B647F}.Release|Any CPU.ActiveCfg = Release|Any CPU
		{011F0A1D-2E5C-460A-999C-B1944E5B647F}.Release|Any CPU.Build.0 = Release|Any CPU
		{8CC36391-8000-4E59-837D-8AF68AFCC10E}.Debug|Any CPU.ActiveCfg = Debug|Any CPU
		{8CC36391-8000-4E59-837D-8AF68AFCC10E}.Debug|Any CPU.Build.0 = Debug|Any CPU
		{8CC36391-8000-4E59-837D-8AF68AFCC10E}.Release|Any CPU.ActiveCfg = Release|Any CPU
		{8CC36391-8000-4E59-837D-8AF68AFCC10E}.Release|Any CPU.Build.0 = Release|Any CPU
		{80C5CFEC-BFE4-47DA-81E0-CC9E4A37D2B7}.Debug|Any CPU.ActiveCfg = Debug|Any CPU
		{80C5CFEC-BFE4-47DA-81E0-CC9E4A37D2B7}.Debug|Any CPU.Build.0 = Debug|Any CPU
		{80C5CFEC-BFE4-47DA-81E0-CC9E4A37D2B7}.Release|Any CPU.ActiveCfg = Release|Any CPU
		{80C5CFEC-BFE4-47DA-81E0-CC9E4A37D2B7}.Release|Any CPU.Build.0 = Release|Any CPU
		{F74F3F73-F5D7-4DA5-B0EE-F2CEBB4A91E4}.Debug|Any CPU.ActiveCfg = Debug|Any CPU
		{F74F3F73-F5D7-4DA5-B0EE-F2CEBB4A91E4}.Debug|Any CPU.Build.0 = Debug|Any CPU
		{F74F3F73-F5D7-4DA5-B0EE-F2CEBB4A91E4}.Release|Any CPU.ActiveCfg = Release|Any CPU
		{F74F3F73-F5D7-4DA5-B0EE-F2CEBB4A91E4}.Release|Any CPU.Build.0 = Release|Any CPU
		{5E03C79F-12BA-43F4-AAF2-9ED8943FA81F}.Debug|Any CPU.ActiveCfg = Debug|Any CPU
		{5E03C79F-12BA-43F4-AAF2-9ED8943FA81F}.Debug|Any CPU.Build.0 = Debug|Any CPU
		{5E03C79F-12BA-43F4-AAF2-9ED8943FA81F}.Release|Any CPU.ActiveCfg = Release|Any CPU
		{5E03C79F-12BA-43F4-AAF2-9ED8943FA81F}.Release|Any CPU.Build.0 = Release|Any CPU
		{F96B92CE-031D-4220-A79A-53F5349FCB55}.Debug|Any CPU.ActiveCfg = Debug|Any CPU
		{F96B92CE-031D-4220-A79A-53F5349FCB55}.Debug|Any CPU.Build.0 = Debug|Any CPU
		{F96B92CE-031D-4220-A79A-53F5349FCB55}.Release|Any CPU.ActiveCfg = Release|Any CPU
		{F96B92CE-031D-4220-A79A-53F5349FCB55}.Release|Any CPU.Build.0 = Release|Any CPU
		{4A883FF9-B2F8-4ACA-A789-1EE83802A7C4}.Debug|Any CPU.ActiveCfg = Debug|Any CPU
		{4A883FF9-B2F8-4ACA-A789-1EE83802A7C4}.Debug|Any CPU.Build.0 = Debug|Any CPU
		{4A883FF9-B2F8-4ACA-A789-1EE83802A7C4}.Release|Any CPU.ActiveCfg = Release|Any CPU
		{4A883FF9-B2F8-4ACA-A789-1EE83802A7C4}.Release|Any CPU.Build.0 = Release|Any CPU
		{385F765B-8590-4E83-A4A9-3D7B650DD22E}.Debug|Any CPU.ActiveCfg = Debug|Any CPU
		{385F765B-8590-4E83-A4A9-3D7B650DD22E}.Debug|Any CPU.Build.0 = Debug|Any CPU
		{385F765B-8590-4E83-A4A9-3D7B650DD22E}.Release|Any CPU.ActiveCfg = Release|Any CPU
		{385F765B-8590-4E83-A4A9-3D7B650DD22E}.Release|Any CPU.Build.0 = Release|Any CPU
		{A98BC801-C1F5-4DF0-AF4F-40BB759DCEDE}.Debug|Any CPU.ActiveCfg = Debug|Any CPU
		{A98BC801-C1F5-4DF0-AF4F-40BB759DCEDE}.Debug|Any CPU.Build.0 = Debug|Any CPU
		{A98BC801-C1F5-4DF0-AF4F-40BB759DCEDE}.Release|Any CPU.ActiveCfg = Release|Any CPU
		{A98BC801-C1F5-4DF0-AF4F-40BB759DCEDE}.Release|Any CPU.Build.0 = Release|Any CPU
		{D2D22769-EE25-465B-90D9-FABD98EEE8DC}.Debug|Any CPU.ActiveCfg = Debug|Any CPU
		{D2D22769-EE25-465B-90D9-FABD98EEE8DC}.Debug|Any CPU.Build.0 = Debug|Any CPU
		{D2D22769-EE25-465B-90D9-FABD98EEE8DC}.Release|Any CPU.ActiveCfg = Release|Any CPU
		{D2D22769-EE25-465B-90D9-FABD98EEE8DC}.Release|Any CPU.Build.0 = Release|Any CPU
		{F83ACB3A-0F66-493B-A2FA-54F302831C2B}.Debug|Any CPU.ActiveCfg = Debug|Any CPU
		{F83ACB3A-0F66-493B-A2FA-54F302831C2B}.Debug|Any CPU.Build.0 = Debug|Any CPU
		{F83ACB3A-0F66-493B-A2FA-54F302831C2B}.Release|Any CPU.ActiveCfg = Release|Any CPU
		{F83ACB3A-0F66-493B-A2FA-54F302831C2B}.Release|Any CPU.Build.0 = Release|Any CPU
		{0BA9F758-4EFF-4B99-BD68-A61D14B31894}.Debug|Any CPU.ActiveCfg = Debug|Any CPU
		{0BA9F758-4EFF-4B99-BD68-A61D14B31894}.Debug|Any CPU.Build.0 = Debug|Any CPU
		{0BA9F758-4EFF-4B99-BD68-A61D14B31894}.Release|Any CPU.ActiveCfg = Release|Any CPU
		{0BA9F758-4EFF-4B99-BD68-A61D14B31894}.Release|Any CPU.Build.0 = Release|Any CPU
		{8B4D935D-0EA4-40AE-BBB6-13E888152650}.Debug|Any CPU.ActiveCfg = Debug|Any CPU
		{8B4D935D-0EA4-40AE-BBB6-13E888152650}.Debug|Any CPU.Build.0 = Debug|Any CPU
		{8B4D935D-0EA4-40AE-BBB6-13E888152650}.Release|Any CPU.ActiveCfg = Release|Any CPU
		{8B4D935D-0EA4-40AE-BBB6-13E888152650}.Release|Any CPU.Build.0 = Release|Any CPU
		{D4D8A8D2-6452-44CE-BAE3-CBC5A28BC9A8}.Debug|Any CPU.ActiveCfg = Debug|Any CPU
		{D4D8A8D2-6452-44CE-BAE3-CBC5A28BC9A8}.Debug|Any CPU.Build.0 = Debug|Any CPU
		{D4D8A8D2-6452-44CE-BAE3-CBC5A28BC9A8}.Release|Any CPU.ActiveCfg = Release|Any CPU
		{D4D8A8D2-6452-44CE-BAE3-CBC5A28BC9A8}.Release|Any CPU.Build.0 = Release|Any CPU
		{4C4C76F4-1CC0-4F77-8FD3-4E7A48896FB8}.Debug|Any CPU.ActiveCfg = Debug|Any CPU
		{4C4C76F4-1CC0-4F77-8FD3-4E7A48896FB8}.Debug|Any CPU.Build.0 = Debug|Any CPU
		{4C4C76F4-1CC0-4F77-8FD3-4E7A48896FB8}.Release|Any CPU.ActiveCfg = Release|Any CPU
		{4C4C76F4-1CC0-4F77-8FD3-4E7A48896FB8}.Release|Any CPU.Build.0 = Release|Any CPU
		{7570CD74-9F36-4897-8BA3-59F41F5A1C26}.Debug|Any CPU.ActiveCfg = Debug|Any CPU
		{7570CD74-9F36-4897-8BA3-59F41F5A1C26}.Debug|Any CPU.Build.0 = Debug|Any CPU
		{7570CD74-9F36-4897-8BA3-59F41F5A1C26}.Release|Any CPU.ActiveCfg = Release|Any CPU
		{7570CD74-9F36-4897-8BA3-59F41F5A1C26}.Release|Any CPU.Build.0 = Release|Any CPU
		{5A111478-1B31-47B4-ADD8-860E9B912216}.Debug|Any CPU.ActiveCfg = Debug|Any CPU
		{5A111478-1B31-47B4-ADD8-860E9B912216}.Debug|Any CPU.Build.0 = Debug|Any CPU
		{5A111478-1B31-47B4-ADD8-860E9B912216}.Release|Any CPU.ActiveCfg = Release|Any CPU
		{5A111478-1B31-47B4-ADD8-860E9B912216}.Release|Any CPU.Build.0 = Release|Any CPU
		{69E218F6-F07B-4C32-826F-47291DB58D91}.Debug|Any CPU.ActiveCfg = Debug|Any CPU
		{69E218F6-F07B-4C32-826F-47291DB58D91}.Debug|Any CPU.Build.0 = Debug|Any CPU
		{69E218F6-F07B-4C32-826F-47291DB58D91}.Release|Any CPU.ActiveCfg = Release|Any CPU
		{69E218F6-F07B-4C32-826F-47291DB58D91}.Release|Any CPU.Build.0 = Release|Any CPU
		{46A188AE-44BD-4F30-804F-A00C47FA2C30}.Debug|Any CPU.ActiveCfg = Debug|Any CPU
		{46A188AE-44BD-4F30-804F-A00C47FA2C30}.Debug|Any CPU.Build.0 = Debug|Any CPU
		{46A188AE-44BD-4F30-804F-A00C47FA2C30}.Release|Any CPU.ActiveCfg = Release|Any CPU
		{46A188AE-44BD-4F30-804F-A00C47FA2C30}.Release|Any CPU.Build.0 = Release|Any CPU
		{170BDAD5-3104-4D73-AB2C-4E8CCDCCADFE}.Debug|Any CPU.ActiveCfg = Debug|Any CPU
		{170BDAD5-3104-4D73-AB2C-4E8CCDCCADFE}.Debug|Any CPU.Build.0 = Debug|Any CPU
		{170BDAD5-3104-4D73-AB2C-4E8CCDCCADFE}.Release|Any CPU.ActiveCfg = Release|Any CPU
		{170BDAD5-3104-4D73-AB2C-4E8CCDCCADFE}.Release|Any CPU.Build.0 = Release|Any CPU
		{D644134B-046C-4FDF-B53D-30DD9BA754AA}.Debug|Any CPU.ActiveCfg = Debug|Any CPU
		{D644134B-046C-4FDF-B53D-30DD9BA754AA}.Debug|Any CPU.Build.0 = Debug|Any CPU
		{D644134B-046C-4FDF-B53D-30DD9BA754AA}.Release|Any CPU.ActiveCfg = Release|Any CPU
		{D644134B-046C-4FDF-B53D-30DD9BA754AA}.Release|Any CPU.Build.0 = Release|Any CPU
		{0363CF9C-66E3-4EFA-9C63-52EF98989F04}.Debug|Any CPU.ActiveCfg = Debug|Any CPU
		{0363CF9C-66E3-4EFA-9C63-52EF98989F04}.Debug|Any CPU.Build.0 = Debug|Any CPU
		{0363CF9C-66E3-4EFA-9C63-52EF98989F04}.Release|Any CPU.ActiveCfg = Release|Any CPU
		{0363CF9C-66E3-4EFA-9C63-52EF98989F04}.Release|Any CPU.Build.0 = Release|Any CPU
		{9C212DFA-C34D-4B79-BBCD-8252698F3D66}.Debug|Any CPU.ActiveCfg = Debug|Any CPU
		{9C212DFA-C34D-4B79-BBCD-8252698F3D66}.Debug|Any CPU.Build.0 = Debug|Any CPU
		{9C212DFA-C34D-4B79-BBCD-8252698F3D66}.Release|Any CPU.ActiveCfg = Release|Any CPU
		{9C212DFA-C34D-4B79-BBCD-8252698F3D66}.Release|Any CPU.Build.0 = Release|Any CPU
		{7037426E-F1C4-4A4D-941B-144C82DA1F8F}.Debug|Any CPU.ActiveCfg = Debug|Any CPU
		{7037426E-F1C4-4A4D-941B-144C82DA1F8F}.Debug|Any CPU.Build.0 = Debug|Any CPU
		{7037426E-F1C4-4A4D-941B-144C82DA1F8F}.Release|Any CPU.ActiveCfg = Release|Any CPU
		{7037426E-F1C4-4A4D-941B-144C82DA1F8F}.Release|Any CPU.Build.0 = Release|Any CPU
		{621CC26B-02DF-4ABC-9B64-EBF77DFAB429}.Debug|Any CPU.ActiveCfg = Debug|Any CPU
		{621CC26B-02DF-4ABC-9B64-EBF77DFAB429}.Debug|Any CPU.Build.0 = Debug|Any CPU
		{621CC26B-02DF-4ABC-9B64-EBF77DFAB429}.Release|Any CPU.ActiveCfg = Release|Any CPU
		{621CC26B-02DF-4ABC-9B64-EBF77DFAB429}.Release|Any CPU.Build.0 = Release|Any CPU
		{F8F8926B-8B29-4FCF-99C0-E5832EF58143}.Debug|Any CPU.ActiveCfg = Debug|Any CPU
		{F8F8926B-8B29-4FCF-99C0-E5832EF58143}.Debug|Any CPU.Build.0 = Debug|Any CPU
		{F8F8926B-8B29-4FCF-99C0-E5832EF58143}.Release|Any CPU.ActiveCfg = Release|Any CPU
		{F8F8926B-8B29-4FCF-99C0-E5832EF58143}.Release|Any CPU.Build.0 = Release|Any CPU
		{DCE07E1F-64B2-49E0-B576-50D814FD1049}.Debug|Any CPU.ActiveCfg = Debug|Any CPU
		{DCE07E1F-64B2-49E0-B576-50D814FD1049}.Debug|Any CPU.Build.0 = Debug|Any CPU
		{DCE07E1F-64B2-49E0-B576-50D814FD1049}.Release|Any CPU.ActiveCfg = Release|Any CPU
		{DCE07E1F-64B2-49E0-B576-50D814FD1049}.Release|Any CPU.Build.0 = Release|Any CPU
		{688A8548-72A8-457D-9B61-79C5DD5B5918}.Debug|Any CPU.ActiveCfg = Debug|Any CPU
		{688A8548-72A8-457D-9B61-79C5DD5B5918}.Debug|Any CPU.Build.0 = Debug|Any CPU
		{688A8548-72A8-457D-9B61-79C5DD5B5918}.Release|Any CPU.ActiveCfg = Release|Any CPU
		{688A8548-72A8-457D-9B61-79C5DD5B5918}.Release|Any CPU.Build.0 = Release|Any CPU
	EndGlobalSection
	GlobalSection(SolutionProperties) = preSolution
		HideSolutionNode = FALSE
	EndGlobalSection
	GlobalSection(ExtensibilityGlobals) = postSolution
		SolutionGuid = {E50488C1-6647-4D80-8817-308677C8F377}
	EndGlobalSection
EndGlobal
