
Microsoft Visual Studio Solution File, Format Version 12.00
# Visual Studio Version 16
VisualStudioVersion = 16.0.30114.105
MinimumVisualStudioVersion = 10.0.40219.1
Project("{F2A71F9B-5D33-465A-A702-920D77279786}") = "leaf_1", "leaf_1\leaf_1.fsproj", "{BA6F1B04-0C4D-4481-A5E8-4AAF0689AA6D}"
EndProject
Project("{F2A71F9B-5D33-465A-A702-920D77279786}") = "leaf_2", "leaf_2\leaf_2.fsproj", "{237A1C7B-857B-43FA-9ED8-EB9FF0143550}"
EndProject
Project("{F2A71F9B-5D33-465A-A702-920D77279786}") = "leaf_3", "leaf_3\leaf_3.fsproj", "{14F21891-8E5E-4AF1-B7AF-F290BB82AA7B}"
EndProject
Project("{F2A71F9B-5D33-465A-A702-920D77279786}") = "leaf_4", "leaf_4\leaf_4.fsproj", "{5E95E8A6-7019-4167-8E62-2921C2D9ACC8}"
EndProject
Project("{F2A71F9B-5D33-465A-A702-920D77279786}") = "leaf_5", "leaf_5\leaf_5.fsproj", "{92E2D69F-AA3D-47F9-8624-05F86BC5AFE2}"
EndProject
Project("{F2A71F9B-5D33-465A-A702-920D77279786}") = "leaf_6", "leaf_6\leaf_6.fsproj", "{9523FBFB-2B49-4960-8CA9-188ABA9656B1}"
EndProject
Project("{F2A71F9B-5D33-465A-A702-920D77279786}") = "leaf_7", "leaf_7\leaf_7.fsproj", "{97B08036-A9A1-4A05-8FCE-1EAE3BB44E4C}"
EndProject
Project("{F2A71F9B-5D33-465A-A702-920D77279786}") = "leaf_8", "leaf_8\leaf_8.fsproj", "{0B9254BE-03D4-4F80-8F09-F4B458A65C39}"
EndProject
Project("{F2A71F9B-5D33-465A-A702-920D77279786}") = "leaf_9", "leaf_9\leaf_9.fsproj", "{E874A3AC-D5E9-4AD1-8696-2284C38E48CC}"
EndProject
Project("{F2A71F9B-5D33-465A-A702-920D77279786}") = "leaf_10", "leaf_10\leaf_10.fsproj", "{30C7F669-54C9-4C58-8594-B8F94A2E948F}"
EndProject
Project("{F2A71F9B-5D33-465A-A702-920D77279786}") = "leaf_11", "leaf_11\leaf_11.fsproj", "{C9D8D078-9162-4631-9BF8-C6D3DBDF244A}"
EndProject
Project("{F2A71F9B-5D33-465A-A702-920D77279786}") = "leaf_12", "leaf_12\leaf_12.fsproj", "{1EDA7298-F9ED-4C2D-96B3-CB88D2478109}"
EndProject
Project("{F2A71F9B-5D33-465A-A702-920D77279786}") = "leaf_13", "leaf_13\leaf_13.fsproj", "{09911EBF-BFF3-41B9-AFA1-C80995169EF8}"
EndProject
Project("{F2A71F9B-5D33-465A-A702-920D77279786}") = "leaf_14", "leaf_14\leaf_14.fsproj", "{C7DF4830-6A13-4CC4-A542-69E68360ADBC}"
EndProject
Project("{F2A71F9B-5D33-465A-A702-920D77279786}") = "leaf_15", "leaf_15\leaf_15.fsproj", "{181B5D8B-3C5C-4F02-ABAA-08604F998AA0}"
EndProject
Project("{F2A71F9B-5D33-465A-A702-920D77279786}") = "leaf_16", "leaf_16\leaf_16.fsproj", "{034F8756-FCA6-49A8-AF00-95D13B16279A}"
EndProject
Project("{F2A71F9B-5D33-465A-A702-920D77279786}") = "leaf_17", "leaf_17\leaf_17.fsproj", "{2789963E-1627-4EC0-8F64-5BBE20943392}"
EndProject
Project("{F2A71F9B-5D33-465A-A702-920D77279786}") = "leaf_18", "leaf_18\leaf_18.fsproj", "{6E1F20F9-861D-4027-9816-34E62B3DE885}"
EndProject
Project("{F2A71F9B-5D33-465A-A702-920D77279786}") = "leaf_19", "leaf_19\leaf_19.fsproj", "{D27FC412-BBA6-47F8-B415-CFBF2DF0BAFD}"
EndProject
Project("{F2A71F9B-5D33-465A-A702-920D77279786}") = "leaf_20", "leaf_20\leaf_20.fsproj", "{C012A30B-107C-44FC-93B9-8E551D80C697}"
EndProject
Project("{F2A71F9B-5D33-465A-A702-920D77279786}") = "leaf_21", "leaf_21\leaf_21.fsproj", "{A2FDA09F-D962-4A42-BBA7-A9D831EA93E9}"
EndProject
Project("{F2A71F9B-5D33-465A-A702-920D77279786}") = "leaf_22", "leaf_22\leaf_22.fsproj", "{365DE4F4-239E-42C3-8F12-117F63F236AA}"
EndProject
Project("{F2A71F9B-5D33-465A-A702-920D77279786}") = "leaf_23", "leaf_23\leaf_23.fsproj", "{E24040F7-C4E8-4D76-829D-99EC9100E155}"
EndProject
Project("{F2A71F9B-5D33-465A-A702-920D77279786}") = "leaf_24", "leaf_24\leaf_24.fsproj", "{7645C067-7E6A-4140-9677-8E816C1C227A}"
EndProject
Project("{F2A71F9B-5D33-465A-A702-920D77279786}") = "leaf_25", "leaf_25\leaf_25.fsproj", "{27C35239-4B0C-42F0-AB19-9E0F66998E17}"
EndProject
Project("{F2A71F9B-5D33-465A-A702-920D77279786}") = "leaf_26", "leaf_26\leaf_26.fsproj", "{49874881-7930-48B1-B3BD-B4F5580E2B00}"
EndProject
Project("{F2A71F9B-5D33-465A-A702-920D77279786}") = "leaf_27", "leaf_27\leaf_27.fsproj", "{92CD376F-ABA9-498C-B033-009E324D72BA}"
EndProject
Project("{F2A71F9B-5D33-465A-A702-920D77279786}") = "leaf_28", "leaf_28\leaf_28.fsproj", "{71114F6A-6DCC-4227-B92C-F3711EAD6FC0}"
EndProject
Project("{F2A71F9B-5D33-465A-A702-920D77279786}") = "leaf_29", "leaf_29\leaf_29.fsproj", "{3E5025E8-EB78-4C0E-BFC6-5957AC1E692C}"
EndProject
Project("{F2A71F9B-5D33-465A-A702-920D77279786}") = "leaf_30", "leaf_30\leaf_30.fsproj", "{02A72007-ECA7-4901-A23D-04F005DAA04C}"
EndProject
Project("{F2A71F9B-5D33-465A-A702-920D77279786}") = "leaf_31", "leaf_31\leaf_31.fsproj", "{35A72E4A-142A-4500-800E-F973A769A904}"
EndProject
Project("{F2A71F9B-5D33-465A-A702-920D77279786}") = "leaf_32", "leaf_32\leaf_32.fsproj", "{7F5EEAE2-ECA8-47C2-97CD-66A3E9F687DD}"
EndProject
Project("{F2A71F9B-5D33-465A-A702-920D77279786}") = "leaf_33", "leaf_33\leaf_33.fsproj", "{0DD9033C-74CE-46ED-B86B-F0979E07ECE3}"
EndProject
Project("{F2A71F9B-5D33-465A-A702-920D77279786}") = "leaf_34", "leaf_34\leaf_34.fsproj", "{EABE1956-ED85-4B07-8B54-15683533A5BD}"
EndProject
Project("{F2A71F9B-5D33-465A-A702-920D77279786}") = "leaf_35", "leaf_35\leaf_35.fsproj", "{748875FD-8E32-47B6-AF67-CF1B072DFF47}"
EndProject
Project("{F2A71F9B-5D33-465A-A702-920D77279786}") = "leaf_36", "leaf_36\leaf_36.fsproj", "{07AFDDF3-B693-4D09-B29A-119668A09162}"
EndProject
Project("{F2A71F9B-5D33-465A-A702-920D77279786}") = "leaf_37", "leaf_37\leaf_37.fsproj", "{2748977D-6D60-4624-93BC-3C135B5AC070}"
EndProject
Project("{F2A71F9B-5D33-465A-A702-920D77279786}") = "leaf_38", "leaf_38\leaf_38.fsproj", "{D1539B2A-EFF6-44D8-BD17-717722A514F9}"
EndProject
Project("{F2A71F9B-5D33-465A-A702-920D77279786}") = "leaf_39", "leaf_39\leaf_39.fsproj", "{AAA7A31C-35F1-4E15-90AD-6ACCFF616EB7}"
EndProject
Project("{F2A71F9B-5D33-465A-A702-920D77279786}") = "leaf_40", "leaf_40\leaf_40.fsproj", "{0907C062-3470-476D-A364-EB7D516066E4}"
EndProject
Project("{F2A71F9B-5D33-465A-A702-920D77279786}") = "leaf_41", "leaf_41\leaf_41.fsproj", "{9739D334-A44D-454B-822C-5A0647C38EF9}"
EndProject
Project("{F2A71F9B-5D33-465A-A702-920D77279786}") = "leaf_42", "leaf_42\leaf_42.fsproj", "{CB310795-9A4C-42E5-94A5-0E31D3701C62}"
EndProject
Project("{F2A71F9B-5D33-465A-A702-920D77279786}") = "leaf_43", "leaf_43\leaf_43.fsproj", "{38F03B23-8D54-477B-8C7D-A847D503F924}"
EndProject
Project("{F2A71F9B-5D33-465A-A702-920D77279786}") = "leaf_44", "leaf_44\leaf_44.fsproj", "{31EC740B-60EB-459B-A574-6209DC9494B2}"
EndProject
Project("{F2A71F9B-5D33-465A-A702-920D77279786}") = "leaf_45", "leaf_45\leaf_45.fsproj", "{9E215080-7147-4051-81E5-6C0CD3B69D81}"
EndProject
Project("{F2A71F9B-5D33-465A-A702-920D77279786}") = "leaf_46", "leaf_46\leaf_46.fsproj", "{B202F8BA-21AD-4151-ADC9-9C78373495E4}"
EndProject
Project("{F2A71F9B-5D33-465A-A702-920D77279786}") = "leaf_47", "leaf_47\leaf_47.fsproj", "{B287AE39-623D-40DA-85EE-10EEC2BC6FA4}"
EndProject
Project("{F2A71F9B-5D33-465A-A702-920D77279786}") = "leaf_48", "leaf_48\leaf_48.fsproj", "{2C2D115A-926E-4C63-A60B-A08DB94181FD}"
EndProject
Project("{F2A71F9B-5D33-465A-A702-920D77279786}") = "leaf_49", "leaf_49\leaf_49.fsproj", "{7C7EECDF-F3C4-4F39-8442-183EA8C9AFB4}"
EndProject
Project("{F2A71F9B-5D33-465A-A702-920D77279786}") = "leaf_50", "leaf_50\leaf_50.fsproj", "{6DCF5EAD-A47B-4D96-AEF7-0DA2B6A71BFA}"
EndProject
Project("{F2A71F9B-5D33-465A-A702-920D77279786}") = "root", "root\root.fsproj", "{F92C62C5-75B7-4DC8-9105-C19477BFEDC0}"
EndProject
Global
	GlobalSection(SolutionConfigurationPlatforms) = preSolution
		Debug|Any CPU = Debug|Any CPU
		Release|Any CPU = Release|Any CPU
	EndGlobalSection
	GlobalSection(SolutionProperties) = preSolution
		HideSolutionNode = FALSE
	EndGlobalSection
	GlobalSection(ProjectConfigurationPlatforms) = postSolution
		{BA6F1B04-0C4D-4481-A5E8-4AAF0689AA6D}.Debug|Any CPU.ActiveCfg = Debug|Any CPU
		{BA6F1B04-0C4D-4481-A5E8-4AAF0689AA6D}.Debug|Any CPU.Build.0 = Debug|Any CPU
		{BA6F1B04-0C4D-4481-A5E8-4AAF0689AA6D}.Release|Any CPU.ActiveCfg = Release|Any CPU
		{BA6F1B04-0C4D-4481-A5E8-4AAF0689AA6D}.Release|Any CPU.Build.0 = Release|Any CPU
		{237A1C7B-857B-43FA-9ED8-EB9FF0143550}.Debug|Any CPU.ActiveCfg = Debug|Any CPU
		{237A1C7B-857B-43FA-9ED8-EB9FF0143550}.Debug|Any CPU.Build.0 = Debug|Any CPU
		{237A1C7B-857B-43FA-9ED8-EB9FF0143550}.Release|Any CPU.ActiveCfg = Release|Any CPU
		{237A1C7B-857B-43FA-9ED8-EB9FF0143550}.Release|Any CPU.Build.0 = Release|Any CPU
		{14F21891-8E5E-4AF1-B7AF-F290BB82AA7B}.Debug|Any CPU.ActiveCfg = Debug|Any CPU
		{14F21891-8E5E-4AF1-B7AF-F290BB82AA7B}.Debug|Any CPU.Build.0 = Debug|Any CPU
		{14F21891-8E5E-4AF1-B7AF-F290BB82AA7B}.Release|Any CPU.ActiveCfg = Release|Any CPU
		{14F21891-8E5E-4AF1-B7AF-F290BB82AA7B}.Release|Any CPU.Build.0 = Release|Any CPU
		{5E95E8A6-7019-4167-8E62-2921C2D9ACC8}.Debug|Any CPU.ActiveCfg = Debug|Any CPU
		{5E95E8A6-7019-4167-8E62-2921C2D9ACC8}.Debug|Any CPU.Build.0 = Debug|Any CPU
		{5E95E8A6-7019-4167-8E62-2921C2D9ACC8}.Release|Any CPU.ActiveCfg = Release|Any CPU
		{5E95E8A6-7019-4167-8E62-2921C2D9ACC8}.Release|Any CPU.Build.0 = Release|Any CPU
		{92E2D69F-AA3D-47F9-8624-05F86BC5AFE2}.Debug|Any CPU.ActiveCfg = Debug|Any CPU
		{92E2D69F-AA3D-47F9-8624-05F86BC5AFE2}.Debug|Any CPU.Build.0 = Debug|Any CPU
		{92E2D69F-AA3D-47F9-8624-05F86BC5AFE2}.Release|Any CPU.ActiveCfg = Release|Any CPU
		{92E2D69F-AA3D-47F9-8624-05F86BC5AFE2}.Release|Any CPU.Build.0 = Release|Any CPU
		{9523FBFB-2B49-4960-8CA9-188ABA9656B1}.Debug|Any CPU.ActiveCfg = Debug|Any CPU
		{9523FBFB-2B49-4960-8CA9-188ABA9656B1}.Debug|Any CPU.Build.0 = Debug|Any CPU
		{9523FBFB-2B49-4960-8CA9-188ABA9656B1}.Release|Any CPU.ActiveCfg = Release|Any CPU
		{9523FBFB-2B49-4960-8CA9-188ABA9656B1}.Release|Any CPU.Build.0 = Release|Any CPU
		{97B08036-A9A1-4A05-8FCE-1EAE3BB44E4C}.Debug|Any CPU.ActiveCfg = Debug|Any CPU
		{97B08036-A9A1-4A05-8FCE-1EAE3BB44E4C}.Debug|Any CPU.Build.0 = Debug|Any CPU
		{97B08036-A9A1-4A05-8FCE-1EAE3BB44E4C}.Release|Any CPU.ActiveCfg = Release|Any CPU
		{97B08036-A9A1-4A05-8FCE-1EAE3BB44E4C}.Release|Any CPU.Build.0 = Release|Any CPU
		{0B9254BE-03D4-4F80-8F09-F4B458A65C39}.Debug|Any CPU.ActiveCfg = Debug|Any CPU
		{0B9254BE-03D4-4F80-8F09-F4B458A65C39}.Debug|Any CPU.Build.0 = Debug|Any CPU
		{0B9254BE-03D4-4F80-8F09-F4B458A65C39}.Release|Any CPU.ActiveCfg = Release|Any CPU
		{0B9254BE-03D4-4F80-8F09-F4B458A65C39}.Release|Any CPU.Build.0 = Release|Any CPU
		{E874A3AC-D5E9-4AD1-8696-2284C38E48CC}.Debug|Any CPU.ActiveCfg = Debug|Any CPU
		{E874A3AC-D5E9-4AD1-8696-2284C38E48CC}.Debug|Any CPU.Build.0 = Debug|Any CPU
		{E874A3AC-D5E9-4AD1-8696-2284C38E48CC}.Release|Any CPU.ActiveCfg = Release|Any CPU
		{E874A3AC-D5E9-4AD1-8696-2284C38E48CC}.Release|Any CPU.Build.0 = Release|Any CPU
		{30C7F669-54C9-4C58-8594-B8F94A2E948F}.Debug|Any CPU.ActiveCfg = Debug|Any CPU
		{30C7F669-54C9-4C58-8594-B8F94A2E948F}.Debug|Any CPU.Build.0 = Debug|Any CPU
		{30C7F669-54C9-4C58-8594-B8F94A2E948F}.Release|Any CPU.ActiveCfg = Release|Any CPU
		{30C7F669-54C9-4C58-8594-B8F94A2E948F}.Release|Any CPU.Build.0 = Release|Any CPU
		{C9D8D078-9162-4631-9BF8-C6D3DBDF244A}.Debug|Any CPU.ActiveCfg = Debug|Any CPU
		{C9D8D078-9162-4631-9BF8-C6D3DBDF244A}.Debug|Any CPU.Build.0 = Debug|Any CPU
		{C9D8D078-9162-4631-9BF8-C6D3DBDF244A}.Release|Any CPU.ActiveCfg = Release|Any CPU
		{C9D8D078-9162-4631-9BF8-C6D3DBDF244A}.Release|Any CPU.Build.0 = Release|Any CPU
		{1EDA7298-F9ED-4C2D-96B3-CB88D2478109}.Debug|Any CPU.ActiveCfg = Debug|Any CPU
		{1EDA7298-F9ED-4C2D-96B3-CB88D2478109}.Debug|Any CPU.Build.0 = Debug|Any CPU
		{1EDA7298-F9ED-4C2D-96B3-CB88D2478109}.Release|Any CPU.ActiveCfg = Release|Any CPU
		{1EDA7298-F9ED-4C2D-96B3-CB88D2478109}.Release|Any CPU.Build.0 = Release|Any CPU
		{09911EBF-BFF3-41B9-AFA1-C80995169EF8}.Debug|Any CPU.ActiveCfg = Debug|Any CPU
		{09911EBF-BFF3-41B9-AFA1-C80995169EF8}.Debug|Any CPU.Build.0 = Debug|Any CPU
		{09911EBF-BFF3-41B9-AFA1-C80995169EF8}.Release|Any CPU.ActiveCfg = Release|Any CPU
		{09911EBF-BFF3-41B9-AFA1-C80995169EF8}.Release|Any CPU.Build.0 = Release|Any CPU
		{C7DF4830-6A13-4CC4-A542-69E68360ADBC}.Debug|Any CPU.ActiveCfg = Debug|Any CPU
		{C7DF4830-6A13-4CC4-A542-69E68360ADBC}.Debug|Any CPU.Build.0 = Debug|Any CPU
		{C7DF4830-6A13-4CC4-A542-69E68360ADBC}.Release|Any CPU.ActiveCfg = Release|Any CPU
		{C7DF4830-6A13-4CC4-A542-69E68360ADBC}.Release|Any CPU.Build.0 = Release|Any CPU
		{181B5D8B-3C5C-4F02-ABAA-08604F998AA0}.Debug|Any CPU.ActiveCfg = Debug|Any CPU
		{181B5D8B-3C5C-4F02-ABAA-08604F998AA0}.Debug|Any CPU.Build.0 = Debug|Any CPU
		{181B5D8B-3C5C-4F02-ABAA-08604F998AA0}.Release|Any CPU.ActiveCfg = Release|Any CPU
		{181B5D8B-3C5C-4F02-ABAA-08604F998AA0}.Release|Any CPU.Build.0 = Release|Any CPU
		{034F8756-FCA6-49A8-AF00-95D13B16279A}.Debug|Any CPU.ActiveCfg = Debug|Any CPU
		{034F8756-FCA6-49A8-AF00-95D13B16279A}.Debug|Any CPU.Build.0 = Debug|Any CPU
		{034F8756-FCA6-49A8-AF00-95D13B16279A}.Release|Any CPU.ActiveCfg = Release|Any CPU
		{034F8756-FCA6-49A8-AF00-95D13B16279A}.Release|Any CPU.Build.0 = Release|Any CPU
		{2789963E-1627-4EC0-8F64-5BBE20943392}.Debug|Any CPU.ActiveCfg = Debug|Any CPU
		{2789963E-1627-4EC0-8F64-5BBE20943392}.Debug|Any CPU.Build.0 = Debug|Any CPU
		{2789963E-1627-4EC0-8F64-5BBE20943392}.Release|Any CPU.ActiveCfg = Release|Any CPU
		{2789963E-1627-4EC0-8F64-5BBE20943392}.Release|Any CPU.Build.0 = Release|Any CPU
		{6E1F20F9-861D-4027-9816-34E62B3DE885}.Debug|Any CPU.ActiveCfg = Debug|Any CPU
		{6E1F20F9-861D-4027-9816-34E62B3DE885}.Debug|Any CPU.Build.0 = Debug|Any CPU
		{6E1F20F9-861D-4027-9816-34E62B3DE885}.Release|Any CPU.ActiveCfg = Release|Any CPU
		{6E1F20F9-861D-4027-9816-34E62B3DE885}.Release|Any CPU.Build.0 = Release|Any CPU
		{D27FC412-BBA6-47F8-B415-CFBF2DF0BAFD}.Debug|Any CPU.ActiveCfg = Debug|Any CPU
		{D27FC412-BBA6-47F8-B415-CFBF2DF0BAFD}.Debug|Any CPU.Build.0 = Debug|Any CPU
		{D27FC412-BBA6-47F8-B415-CFBF2DF0BAFD}.Release|Any CPU.ActiveCfg = Release|Any CPU
		{D27FC412-BBA6-47F8-B415-CFBF2DF0BAFD}.Release|Any CPU.Build.0 = Release|Any CPU
		{C012A30B-107C-44FC-93B9-8E551D80C697}.Debug|Any CPU.ActiveCfg = Debug|Any CPU
		{C012A30B-107C-44FC-93B9-8E551D80C697}.Debug|Any CPU.Build.0 = Debug|Any CPU
		{C012A30B-107C-44FC-93B9-8E551D80C697}.Release|Any CPU.ActiveCfg = Release|Any CPU
		{C012A30B-107C-44FC-93B9-8E551D80C697}.Release|Any CPU.Build.0 = Release|Any CPU
		{A2FDA09F-D962-4A42-BBA7-A9D831EA93E9}.Debug|Any CPU.ActiveCfg = Debug|Any CPU
		{A2FDA09F-D962-4A42-BBA7-A9D831EA93E9}.Debug|Any CPU.Build.0 = Debug|Any CPU
		{A2FDA09F-D962-4A42-BBA7-A9D831EA93E9}.Release|Any CPU.ActiveCfg = Release|Any CPU
		{A2FDA09F-D962-4A42-BBA7-A9D831EA93E9}.Release|Any CPU.Build.0 = Release|Any CPU
		{365DE4F4-239E-42C3-8F12-117F63F236AA}.Debug|Any CPU.ActiveCfg = Debug|Any CPU
		{365DE4F4-239E-42C3-8F12-117F63F236AA}.Debug|Any CPU.Build.0 = Debug|Any CPU
		{365DE4F4-239E-42C3-8F12-117F63F236AA}.Release|Any CPU.ActiveCfg = Release|Any CPU
		{365DE4F4-239E-42C3-8F12-117F63F236AA}.Release|Any CPU.Build.0 = Release|Any CPU
		{E24040F7-C4E8-4D76-829D-99EC9100E155}.Debug|Any CPU.ActiveCfg = Debug|Any CPU
		{E24040F7-C4E8-4D76-829D-99EC9100E155}.Debug|Any CPU.Build.0 = Debug|Any CPU
		{E24040F7-C4E8-4D76-829D-99EC9100E155}.Release|Any CPU.ActiveCfg = Release|Any CPU
		{E24040F7-C4E8-4D76-829D-99EC9100E155}.Release|Any CPU.Build.0 = Release|Any CPU
		{7645C067-7E6A-4140-9677-8E816C1C227A}.Debug|Any CPU.ActiveCfg = Debug|Any CPU
		{7645C067-7E6A-4140-9677-8E816C1C227A}.Debug|Any CPU.Build.0 = Debug|Any CPU
		{7645C067-7E6A-4140-9677-8E816C1C227A}.Release|Any CPU.ActiveCfg = Release|Any CPU
		{7645C067-7E6A-4140-9677-8E816C1C227A}.Release|Any CPU.Build.0 = Release|Any CPU
		{27C35239-4B0C-42F0-AB19-9E0F66998E17}.Debug|Any CPU.ActiveCfg = Debug|Any CPU
		{27C35239-4B0C-42F0-AB19-9E0F66998E17}.Debug|Any CPU.Build.0 = Debug|Any CPU
		{27C35239-4B0C-42F0-AB19-9E0F66998E17}.Release|Any CPU.ActiveCfg = Release|Any CPU
		{27C35239-4B0C-42F0-AB19-9E0F66998E17}.Release|Any CPU.Build.0 = Release|Any CPU
		{49874881-7930-48B1-B3BD-B4F5580E2B00}.Debug|Any CPU.ActiveCfg = Debug|Any CPU
		{49874881-7930-48B1-B3BD-B4F5580E2B00}.Debug|Any CPU.Build.0 = Debug|Any CPU
		{49874881-7930-48B1-B3BD-B4F5580E2B00}.Release|Any CPU.ActiveCfg = Release|Any CPU
		{49874881-7930-48B1-B3BD-B4F5580E2B00}.Release|Any CPU.Build.0 = Release|Any CPU
		{92CD376F-ABA9-498C-B033-009E324D72BA}.Debug|Any CPU.ActiveCfg = Debug|Any CPU
		{92CD376F-ABA9-498C-B033-009E324D72BA}.Debug|Any CPU.Build.0 = Debug|Any CPU
		{92CD376F-ABA9-498C-B033-009E324D72BA}.Release|Any CPU.ActiveCfg = Release|Any CPU
		{92CD376F-ABA9-498C-B033-009E324D72BA}.Release|Any CPU.Build.0 = Release|Any CPU
		{71114F6A-6DCC-4227-B92C-F3711EAD6FC0}.Debug|Any CPU.ActiveCfg = Debug|Any CPU
		{71114F6A-6DCC-4227-B92C-F3711EAD6FC0}.Debug|Any CPU.Build.0 = Debug|Any CPU
		{71114F6A-6DCC-4227-B92C-F3711EAD6FC0}.Release|Any CPU.ActiveCfg = Release|Any CPU
		{71114F6A-6DCC-4227-B92C-F3711EAD6FC0}.Release|Any CPU.Build.0 = Release|Any CPU
		{3E5025E8-EB78-4C0E-BFC6-5957AC1E692C}.Debug|Any CPU.ActiveCfg = Debug|Any CPU
		{3E5025E8-EB78-4C0E-BFC6-5957AC1E692C}.Debug|Any CPU.Build.0 = Debug|Any CPU
		{3E5025E8-EB78-4C0E-BFC6-5957AC1E692C}.Release|Any CPU.ActiveCfg = Release|Any CPU
		{3E5025E8-EB78-4C0E-BFC6-5957AC1E692C}.Release|Any CPU.Build.0 = Release|Any CPU
		{02A72007-ECA7-4901-A23D-04F005DAA04C}.Debug|Any CPU.ActiveCfg = Debug|Any CPU
		{02A72007-ECA7-4901-A23D-04F005DAA04C}.Debug|Any CPU.Build.0 = Debug|Any CPU
		{02A72007-ECA7-4901-A23D-04F005DAA04C}.Release|Any CPU.ActiveCfg = Release|Any CPU
		{02A72007-ECA7-4901-A23D-04F005DAA04C}.Release|Any CPU.Build.0 = Release|Any CPU
		{35A72E4A-142A-4500-800E-F973A769A904}.Debug|Any CPU.ActiveCfg = Debug|Any CPU
		{35A72E4A-142A-4500-800E-F973A769A904}.Debug|Any CPU.Build.0 = Debug|Any CPU
		{35A72E4A-142A-4500-800E-F973A769A904}.Release|Any CPU.ActiveCfg = Release|Any CPU
		{35A72E4A-142A-4500-800E-F973A769A904}.Release|Any CPU.Build.0 = Release|Any CPU
		{7F5EEAE2-ECA8-47C2-97CD-66A3E9F687DD}.Debug|Any CPU.ActiveCfg = Debug|Any CPU
		{7F5EEAE2-ECA8-47C2-97CD-66A3E9F687DD}.Debug|Any CPU.Build.0 = Debug|Any CPU
		{7F5EEAE2-ECA8-47C2-97CD-66A3E9F687DD}.Release|Any CPU.ActiveCfg = Release|Any CPU
		{7F5EEAE2-ECA8-47C2-97CD-66A3E9F687DD}.Release|Any CPU.Build.0 = Release|Any CPU
		{0DD9033C-74CE-46ED-B86B-F0979E07ECE3}.Debug|Any CPU.ActiveCfg = Debug|Any CPU
		{0DD9033C-74CE-46ED-B86B-F0979E07ECE3}.Debug|Any CPU.Build.0 = Debug|Any CPU
		{0DD9033C-74CE-46ED-B86B-F0979E07ECE3}.Release|Any CPU.ActiveCfg = Release|Any CPU
		{0DD9033C-74CE-46ED-B86B-F0979E07ECE3}.Release|Any CPU.Build.0 = Release|Any CPU
		{EABE1956-ED85-4B07-8B54-15683533A5BD}.Debug|Any CPU.ActiveCfg = Debug|Any CPU
		{EABE1956-ED85-4B07-8B54-15683533A5BD}.Debug|Any CPU.Build.0 = Debug|Any CPU
		{EABE1956-ED85-4B07-8B54-15683533A5BD}.Release|Any CPU.ActiveCfg = Release|Any CPU
		{EABE1956-ED85-4B07-8B54-15683533A5BD}.Release|Any CPU.Build.0 = Release|Any CPU
		{748875FD-8E32-47B6-AF67-CF1B072DFF47}.Debug|Any CPU.ActiveCfg = Debug|Any CPU
		{748875FD-8E32-47B6-AF67-CF1B072DFF47}.Debug|Any CPU.Build.0 = Debug|Any CPU
		{748875FD-8E32-47B6-AF67-CF1B072DFF47}.Release|Any CPU.ActiveCfg = Release|Any CPU
		{748875FD-8E32-47B6-AF67-CF1B072DFF47}.Release|Any CPU.Build.0 = Release|Any CPU
		{07AFDDF3-B693-4D09-B29A-119668A09162}.Debug|Any CPU.ActiveCfg = Debug|Any CPU
		{07AFDDF3-B693-4D09-B29A-119668A09162}.Debug|Any CPU.Build.0 = Debug|Any CPU
		{07AFDDF3-B693-4D09-B29A-119668A09162}.Release|Any CPU.ActiveCfg = Release|Any CPU
		{07AFDDF3-B693-4D09-B29A-119668A09162}.Release|Any CPU.Build.0 = Release|Any CPU
		{2748977D-6D60-4624-93BC-3C135B5AC070}.Debug|Any CPU.ActiveCfg = Debug|Any CPU
		{2748977D-6D60-4624-93BC-3C135B5AC070}.Debug|Any CPU.Build.0 = Debug|Any CPU
		{2748977D-6D60-4624-93BC-3C135B5AC070}.Release|Any CPU.ActiveCfg = Release|Any CPU
		{2748977D-6D60-4624-93BC-3C135B5AC070}.Release|Any CPU.Build.0 = Release|Any CPU
		{D1539B2A-EFF6-44D8-BD17-717722A514F9}.Debug|Any CPU.ActiveCfg = Debug|Any CPU
		{D1539B2A-EFF6-44D8-BD17-717722A514F9}.Debug|Any CPU.Build.0 = Debug|Any CPU
		{D1539B2A-EFF6-44D8-BD17-717722A514F9}.Release|Any CPU.ActiveCfg = Release|Any CPU
		{D1539B2A-EFF6-44D8-BD17-717722A514F9}.Release|Any CPU.Build.0 = Release|Any CPU
		{AAA7A31C-35F1-4E15-90AD-6ACCFF616EB7}.Debug|Any CPU.ActiveCfg = Debug|Any CPU
		{AAA7A31C-35F1-4E15-90AD-6ACCFF616EB7}.Debug|Any CPU.Build.0 = Debug|Any CPU
		{AAA7A31C-35F1-4E15-90AD-6ACCFF616EB7}.Release|Any CPU.ActiveCfg = Release|Any CPU
		{AAA7A31C-35F1-4E15-90AD-6ACCFF616EB7}.Release|Any CPU.Build.0 = Release|Any CPU
		{0907C062-3470-476D-A364-EB7D516066E4}.Debug|Any CPU.ActiveCfg = Debug|Any CPU
		{0907C062-3470-476D-A364-EB7D516066E4}.Debug|Any CPU.Build.0 = Debug|Any CPU
		{0907C062-3470-476D-A364-EB7D516066E4}.Release|Any CPU.ActiveCfg = Release|Any CPU
		{0907C062-3470-476D-A364-EB7D516066E4}.Release|Any CPU.Build.0 = Release|Any CPU
		{9739D334-A44D-454B-822C-5A0647C38EF9}.Debug|Any CPU.ActiveCfg = Debug|Any CPU
		{9739D334-A44D-454B-822C-5A0647C38EF9}.Debug|Any CPU.Build.0 = Debug|Any CPU
		{9739D334-A44D-454B-822C-5A0647C38EF9}.Release|Any CPU.ActiveCfg = Release|Any CPU
		{9739D334-A44D-454B-822C-5A0647C38EF9}.Release|Any CPU.Build.0 = Release|Any CPU
		{CB310795-9A4C-42E5-94A5-0E31D3701C62}.Debug|Any CPU.ActiveCfg = Debug|Any CPU
		{CB310795-9A4C-42E5-94A5-0E31D3701C62}.Debug|Any CPU.Build.0 = Debug|Any CPU
		{CB310795-9A4C-42E5-94A5-0E31D3701C62}.Release|Any CPU.ActiveCfg = Release|Any CPU
		{CB310795-9A4C-42E5-94A5-0E31D3701C62}.Release|Any CPU.Build.0 = Release|Any CPU
		{38F03B23-8D54-477B-8C7D-A847D503F924}.Debug|Any CPU.ActiveCfg = Debug|Any CPU
		{38F03B23-8D54-477B-8C7D-A847D503F924}.Debug|Any CPU.Build.0 = Debug|Any CPU
		{38F03B23-8D54-477B-8C7D-A847D503F924}.Release|Any CPU.ActiveCfg = Release|Any CPU
		{38F03B23-8D54-477B-8C7D-A847D503F924}.Release|Any CPU.Build.0 = Release|Any CPU
		{31EC740B-60EB-459B-A574-6209DC9494B2}.Debug|Any CPU.ActiveCfg = Debug|Any CPU
		{31EC740B-60EB-459B-A574-6209DC9494B2}.Debug|Any CPU.Build.0 = Debug|Any CPU
		{31EC740B-60EB-459B-A574-6209DC9494B2}.Release|Any CPU.ActiveCfg = Release|Any CPU
		{31EC740B-60EB-459B-A574-6209DC9494B2}.Release|Any CPU.Build.0 = Release|Any CPU
		{9E215080-7147-4051-81E5-6C0CD3B69D81}.Debug|Any CPU.ActiveCfg = Debug|Any CPU
		{9E215080-7147-4051-81E5-6C0CD3B69D81}.Debug|Any CPU.Build.0 = Debug|Any CPU
		{9E215080-7147-4051-81E5-6C0CD3B69D81}.Release|Any CPU.ActiveCfg = Release|Any CPU
		{9E215080-7147-4051-81E5-6C0CD3B69D81}.Release|Any CPU.Build.0 = Release|Any CPU
		{B202F8BA-21AD-4151-ADC9-9C78373495E4}.Debug|Any CPU.ActiveCfg = Debug|Any CPU
		{B202F8BA-21AD-4151-ADC9-9C78373495E4}.Debug|Any CPU.Build.0 = Debug|Any CPU
		{B202F8BA-21AD-4151-ADC9-9C78373495E4}.Release|Any CPU.ActiveCfg = Release|Any CPU
		{B202F8BA-21AD-4151-ADC9-9C78373495E4}.Release|Any CPU.Build.0 = Release|Any CPU
		{B287AE39-623D-40DA-85EE-10EEC2BC6FA4}.Debug|Any CPU.ActiveCfg = Debug|Any CPU
		{B287AE39-623D-40DA-85EE-10EEC2BC6FA4}.Debug|Any CPU.Build.0 = Debug|Any CPU
		{B287AE39-623D-40DA-85EE-10EEC2BC6FA4}.Release|Any CPU.ActiveCfg = Release|Any CPU
		{B287AE39-623D-40DA-85EE-10EEC2BC6FA4}.Release|Any CPU.Build.0 = Release|Any CPU
		{2C2D115A-926E-4C63-A60B-A08DB94181FD}.Debug|Any CPU.ActiveCfg = Debug|Any CPU
		{2C2D115A-926E-4C63-A60B-A08DB94181FD}.Debug|Any CPU.Build.0 = Debug|Any CPU
		{2C2D115A-926E-4C63-A60B-A08DB94181FD}.Release|Any CPU.ActiveCfg = Release|Any CPU
		{2C2D115A-926E-4C63-A60B-A08DB94181FD}.Release|Any CPU.Build.0 = Release|Any CPU
		{7C7EECDF-F3C4-4F39-8442-183EA8C9AFB4}.Debug|Any CPU.ActiveCfg = Debug|Any CPU
		{7C7EECDF-F3C4-4F39-8442-183EA8C9AFB4}.Debug|Any CPU.Build.0 = Debug|Any CPU
		{7C7EECDF-F3C4-4F39-8442-183EA8C9AFB4}.Release|Any CPU.ActiveCfg = Release|Any CPU
		{7C7EECDF-F3C4-4F39-8442-183EA8C9AFB4}.Release|Any CPU.Build.0 = Release|Any CPU
		{6DCF5EAD-A47B-4D96-AEF7-0DA2B6A71BFA}.Debug|Any CPU.ActiveCfg = Debug|Any CPU
		{6DCF5EAD-A47B-4D96-AEF7-0DA2B6A71BFA}.Debug|Any CPU.Build.0 = Debug|Any CPU
		{6DCF5EAD-A47B-4D96-AEF7-0DA2B6A71BFA}.Release|Any CPU.ActiveCfg = Release|Any CPU
		{6DCF5EAD-A47B-4D96-AEF7-0DA2B6A71BFA}.Release|Any CPU.Build.0 = Release|Any CPU
		{F92C62C5-75B7-4DC8-9105-C19477BFEDC0}.Debug|Any CPU.ActiveCfg = Debug|Any CPU
		{F92C62C5-75B7-4DC8-9105-C19477BFEDC0}.Debug|Any CPU.Build.0 = Debug|Any CPU
		{F92C62C5-75B7-4DC8-9105-C19477BFEDC0}.Release|Any CPU.ActiveCfg = Release|Any CPU
		{F92C62C5-75B7-4DC8-9105-C19477BFEDC0}.Release|Any CPU.Build.0 = Release|Any CPU
	EndGlobalSection
EndGlobal
